
Microsoft Visual Studio Solution File, Format Version 12.00
# Visual Studio Version 17
VisualStudioVersion = 17.5.33424.131
MinimumVisualStudioVersion = 10.0.40219.1
Project("{FAE04EC0-301F-11D3-BF4B-00C04F79EFBC}") = "AppRestarter", "AppRestarter.csproj", "{9D19F71C-1EEB-487B-AD19-CFF7D9B4A20F}"
EndProject
Global
	GlobalSection(SolutionConfigurationPlatforms) = preSolution
		Debug|Any CPU = Debug|Any CPU
		Release|Any CPU = Release|Any CPU
	EndGlobalSection
	GlobalSection(ProjectConfigurationPlatforms) = postSolution
		{9D19F71C-1EEB-487B-AD19-CFF7D9B4A20F}.Debug|Any CPU.ActiveCfg = Debug|Any CPU
		{9D19F71C-1EEB-487B-AD19-CFF7D9B4A20F}.Debug|Any CPU.Build.0 = Debug|Any CPU
		{9D19F71C-1EEB-487B-AD19-CFF7D9B4A20F}.Release|Any CPU.ActiveCfg = Release|Any CPU
		{9D19F71C-1EEB-487B-AD19-CFF7D9B4A20F}.Release|Any CPU.Build.0 = Release|Any CPU
	EndGlobalSection
	GlobalSection(SolutionProperties) = preSolution
		HideSolutionNode = FALSE
	EndGlobalSection
	GlobalSection(ExtensibilityGlobals) = postSolution
		SolutionGuid = {B782AC57-69A4-4B1B-A116-F54C378F0C58}
	EndGlobalSection
EndGlobal
